
Microsoft Visual Studio Solution File, Format Version 12.00
# Visual Studio Version 18
VisualStudioVersion = 18.0.11205.157
MinimumVisualStudioVersion = 10.0.40219.1
Project("{FAE04EC0-301F-11D3-BF4B-00C04F79EFBC}") = "Origami.Core", "src\Origami.Core\Origami.Core.csproj", "{FF88F58C-4084-4AE0-8C4A-D4B961E58CB9}"
EndProject
Project("{FAE04EC0-301F-11D3-BF4B-00C04F79EFBC}") = "Origami.UI", "src\Origami.UI\Origami.UI.csproj", "{D00DA54E-FAF9-4202-B42A-53C7839D09F3}"
EndProject
Project("{FAE04EC0-301F-11D3-BF4B-00C04F79EFBC}") = "Origami.UI.Admin", "src\Origami.UI.Admin\Origami.UI.Admin.csproj", "{DFCCB335-6624-0352-ED47-75AE098F448D}"
EndProject
Project("{FAE04EC0-301F-11D3-BF4B-00C04F79EFBC}") = "Origami.UI.FrontEnd", "src\Origami.UI.FrontEnd\Origami.UI.FrontEnd.csproj", "{EEA72B92-F0FD-A241-D698-4B7F59E28916}"
EndProject
Project("{2150E333-8FDC-42A3-9474-1A3956D46DE8}") = "misc", "misc", "{EE190CB5-D5B3-4B7A-BD56-43A9F918D7EF}"
EndProject
Project("{2150E333-8FDC-42A3-9474-1A3956D46DE8}") = "Solution Items", "Solution Items", "{9E81A690-CDBE-4DA8-A135-3417E081312C}"
	ProjectSection(SolutionItems) = preProject
		src\Origami.Files\dbsettings.Development.json = src\Origami.Files\dbsettings.Development.json
		src\Origami.Files\dbsettings.json = src\Origami.Files\dbsettings.json
		src\Directory.Build.props = src\Directory.Build.props
	EndProjectSection
EndProject
Project("{FAE04EC0-301F-11D3-BF4B-00C04F79EFBC}") = "Origami.LocalizationScanner", "src\Origami.LocalizationScanner\Origami.LocalizationScanner.csproj", "{F7BABF35-88ED-4FBC-BD3A-46C3515A759A}"
EndProject
Global
	GlobalSection(SolutionConfigurationPlatforms) = preSolution
		Debug|Any CPU = Debug|Any CPU
		Debug|x86 = Debug|x86
		Release|Any CPU = Release|Any CPU
		Release|x86 = Release|x86
	EndGlobalSection
	GlobalSection(ProjectConfigurationPlatforms) = postSolution
		{FF88F58C-4084-4AE0-8C4A-D4B961E58CB9}.Debug|Any CPU.ActiveCfg = Debug|Any CPU
		{FF88F58C-4084-4AE0-8C4A-D4B961E58CB9}.Debug|Any CPU.Build.0 = Debug|Any CPU
		{FF88F58C-4084-4AE0-8C4A-D4B961E58CB9}.Debug|x86.ActiveCfg = Debug|Any CPU
		{FF88F58C-4084-4AE0-8C4A-D4B961E58CB9}.Debug|x86.Build.0 = Debug|Any CPU
		{FF88F58C-4084-4AE0-8C4A-D4B961E58CB9}.Release|Any CPU.ActiveCfg = Release|Any CPU
		{FF88F58C-4084-4AE0-8C4A-D4B961E58CB9}.Release|Any CPU.Build.0 = Release|Any CPU
		{FF88F58C-4084-4AE0-8C4A-D4B961E58CB9}.Release|x86.ActiveCfg = Release|Any CPU
		{FF88F58C-4084-4AE0-8C4A-D4B961E58CB9}.Release|x86.Build.0 = Release|Any CPU
		{D00DA54E-FAF9-4202-B42A-53C7839D09F3}.Debug|Any CPU.ActiveCfg = Debug|Any CPU
		{D00DA54E-FAF9-4202-B42A-53C7839D09F3}.Debug|Any CPU.Build.0 = Debug|Any CPU
		{D00DA54E-FAF9-4202-B42A-53C7839D09F3}.Debug|x86.ActiveCfg = Debug|Any CPU
		{D00DA54E-FAF9-4202-B42A-53C7839D09F3}.Debug|x86.Build.0 = Debug|Any CPU
		{D00DA54E-FAF9-4202-B42A-53C7839D09F3}.Release|Any CPU.ActiveCfg = Release|Any CPU
		{D00DA54E-FAF9-4202-B42A-53C7839D09F3}.Release|Any CPU.Build.0 = Release|Any CPU
		{D00DA54E-FAF9-4202-B42A-53C7839D09F3}.Release|x86.ActiveCfg = Release|Any CPU
		{D00DA54E-FAF9-4202-B42A-53C7839D09F3}.Release|x86.Build.0 = Release|Any CPU
		{DFCCB335-6624-0352-ED47-75AE098F448D}.Debug|Any CPU.ActiveCfg = Debug|Any CPU
		{DFCCB335-6624-0352-ED47-75AE098F448D}.Debug|Any CPU.Build.0 = Debug|Any CPU
		{DFCCB335-6624-0352-ED47-75AE098F448D}.Debug|x86.ActiveCfg = Debug|Any CPU
		{DFCCB335-6624-0352-ED47-75AE098F448D}.Debug|x86.Build.0 = Debug|Any CPU
		{DFCCB335-6624-0352-ED47-75AE098F448D}.Release|Any CPU.ActiveCfg = Release|Any CPU
		{DFCCB335-6624-0352-ED47-75AE098F448D}.Release|Any CPU.Build.0 = Release|Any CPU
		{DFCCB335-6624-0352-ED47-75AE098F448D}.Release|x86.ActiveCfg = Release|Any CPU
		{DFCCB335-6624-0352-ED47-75AE098F448D}.Release|x86.Build.0 = Release|Any CPU
		{EEA72B92-F0FD-A241-D698-4B7F59E28916}.Debug|Any CPU.ActiveCfg = Debug|Any CPU
		{EEA72B92-F0FD-A241-D698-4B7F59E28916}.Debug|Any CPU.Build.0 = Debug|Any CPU
		{EEA72B92-F0FD-A241-D698-4B7F59E28916}.Debug|x86.ActiveCfg = Debug|Any CPU
		{EEA72B92-F0FD-A241-D698-4B7F59E28916}.Debug|x86.Build.0 = Debug|Any CPU
		{EEA72B92-F0FD-A241-D698-4B7F59E28916}.Release|Any CPU.ActiveCfg = Release|Any CPU
		{EEA72B92-F0FD-A241-D698-4B7F59E28916}.Release|Any CPU.Build.0 = Release|Any CPU
		{EEA72B92-F0FD-A241-D698-4B7F59E28916}.Release|x86.ActiveCfg = Release|Any CPU
		{EEA72B92-F0FD-A241-D698-4B7F59E28916}.Release|x86.Build.0 = Release|Any CPU
		{F7BABF35-88ED-4FBC-BD3A-46C3515A759A}.Debug|Any CPU.ActiveCfg = Debug|Any CPU
		{F7BABF35-88ED-4FBC-BD3A-46C3515A759A}.Debug|Any CPU.Build.0 = Debug|Any CPU
		{F7BABF35-88ED-4FBC-BD3A-46C3515A759A}.Debug|x86.ActiveCfg = Debug|Any CPU
		{F7BABF35-88ED-4FBC-BD3A-46C3515A759A}.Debug|x86.Build.0 = Debug|Any CPU
		{F7BABF35-88ED-4FBC-BD3A-46C3515A759A}.Release|Any CPU.ActiveCfg = Release|Any CPU
		{F7BABF35-88ED-4FBC-BD3A-46C3515A759A}.Release|Any CPU.Build.0 = Release|Any CPU
		{F7BABF35-88ED-4FBC-BD3A-46C3515A759A}.Release|x86.ActiveCfg = Release|Any CPU
		{F7BABF35-88ED-4FBC-BD3A-46C3515A759A}.Release|x86.Build.0 = Release|Any CPU
	EndGlobalSection
	GlobalSection(SolutionProperties) = preSolution
		HideSolutionNode = FALSE
	EndGlobalSection
	GlobalSection(NestedProjects) = preSolution
		{F7BABF35-88ED-4FBC-BD3A-46C3515A759A} = {EE190CB5-D5B3-4B7A-BD56-43A9F918D7EF}
	EndGlobalSection
	GlobalSection(ExtensibilityGlobals) = postSolution
		SolutionGuid = {1324F4CF-2B02-4B2E-BE14-3E341AB55CA0}
	EndGlobalSection
EndGlobal
